
Microsoft Visual Studio Solution File, Format Version 12.00
# Visual Studio Version 17
VisualStudioVersion = 17.4.33213.308
MinimumVisualStudioVersion = 10.0.40219.1
Project("{FAE04EC0-301F-11D3-BF4B-00C04F79EFBC}") = "SpotifyApp", "SpotifyApp\SpotifyApp.csproj", "{363A4862-A344-4777-A4A0-9D1A04C10034}"
EndProject
Global
	GlobalSection(SolutionConfigurationPlatforms) = preSolution
		Debug|Any CPU = Debug|Any CPU
		Release|Any CPU = Release|Any CPU
	EndGlobalSection
	GlobalSection(ProjectConfigurationPlatforms) = postSolution
		{363A4862-A344-4777-A4A0-9D1A04C10034}.Debug|Any CPU.ActiveCfg = Debug|Any CPU
		{363A4862-A344-4777-A4A0-9D1A04C10034}.Debug|Any CPU.Build.0 = Debug|Any CPU
		{363A4862-A344-4777-A4A0-9D1A04C10034}.Release|Any CPU.ActiveCfg = Release|Any CPU
		{363A4862-A344-4777-A4A0-9D1A04C10034}.Release|Any CPU.Build.0 = Release|Any CPU
	EndGlobalSection
	GlobalSection(SolutionProperties) = preSolution
		HideSolutionNode = FALSE
	EndGlobalSection
	GlobalSection(ExtensibilityGlobals) = postSolution
		SolutionGuid = {E8D4B5DF-058E-410A-871F-EBC895DD7A85}
	EndGlobalSection
EndGlobal
